
Microsoft Visual Studio Solution File, Format Version 12.00
# Visual Studio Version 16
VisualStudioVersion = 16.0.31402.337
MinimumVisualStudioVersion = 10.0.40219.1
Project("{2150E333-8FDC-42A3-9474-1A3956D46DE8}") = "src", "src", "{3AD66F1F-3B5B-490F-832B-83EF10E5AA0B}"
EndProject
Project("{2150E333-8FDC-42A3-9474-1A3956D46DE8}") = "tst", "tst", "{E1707F7F-5157-4190-9490-08875957512A}"
EndProject
Project("{9A19103F-16F7-4668-BE54-9A1E7A4F7556}") = "SquashCourtBookingSystem.Web", "src\SquashCourtBookingSystem.Web\SquashCourtBookingSystem.Web.csproj", "{FD77270A-C33F-44FA-A088-979738770AD4}"
EndProject
Global
	GlobalSection(SolutionConfigurationPlatforms) = preSolution
		Debug|Any CPU = Debug|Any CPU
		Release|Any CPU = Release|Any CPU
	EndGlobalSection
	GlobalSection(ProjectConfigurationPlatforms) = postSolution
		{FD77270A-C33F-44FA-A088-979738770AD4}.Debug|Any CPU.ActiveCfg = Debug|Any CPU
		{FD77270A-C33F-44FA-A088-979738770AD4}.Debug|Any CPU.Build.0 = Debug|Any CPU
		{FD77270A-C33F-44FA-A088-979738770AD4}.Release|Any CPU.ActiveCfg = Release|Any CPU
		{FD77270A-C33F-44FA-A088-979738770AD4}.Release|Any CPU.Build.0 = Release|Any CPU
	EndGlobalSection
	GlobalSection(SolutionProperties) = preSolution
		HideSolutionNode = FALSE
	EndGlobalSection
	GlobalSection(NestedProjects) = preSolution
		{FD77270A-C33F-44FA-A088-979738770AD4} = {3AD66F1F-3B5B-490F-832B-83EF10E5AA0B}
	EndGlobalSection
	GlobalSection(ExtensibilityGlobals) = postSolution
		SolutionGuid = {EBDFAB71-4D2F-47CC-B702-8DDB6A15F45F}
	EndGlobalSection
EndGlobal
